
Microsoft Visual Studio Solution File, Format Version 12.00
Project("{FAE04EC0-301F-11D3-BF4B-00C04F79EFBC}") = "SocialMedia.Core", "SocialMedia.Core\SocialMedia.Core.csproj", "{8517F0F5-4D56-49A7-88D8-A70126A7481B}"
EndProject
Project("{2150E333-8FDC-42A3-9474-1A3956D46DE8}") = "SocialMedia.Post", "SocialMedia.Post", "{120A811D-4BB7-4365-A38C-7B97C290B864}"
EndProject
Project("{2150E333-8FDC-42A3-9474-1A3956D46DE8}") = "Command", "Command", "{D3B1F7AD-1525-4C40-B8C7-95048A528089}"
EndProject
Project("{2150E333-8FDC-42A3-9474-1A3956D46DE8}") = "Query", "Query", "{5B9747B4-4E13-4227-B03A-5D9C54806A60}"
EndProject
Project("{2150E333-8FDC-42A3-9474-1A3956D46DE8}") = "Common", "Common", "{696E3539-EA76-4A87-9E5F-C6B3F1948813}"
EndProject
Project("{FAE04EC0-301F-11D3-BF4B-00C04F79EFBC}") = "Post.Command.Api", "SocialMedia.Post\Command\Post.Command.Api\Post.Command.Api.csproj", "{D5385886-6AE9-494D-8F15-AB8202586F99}"
EndProject
Project("{FAE04EC0-301F-11D3-BF4B-00C04F79EFBC}") = "Post.Command.Domain", "SocialMedia.Post\Command\Post.Command.Domain\Post.Command.Domain.csproj", "{03E32F5D-2700-4D97-B766-BB482EFE396A}"
EndProject
Project("{FAE04EC0-301F-11D3-BF4B-00C04F79EFBC}") = "Post.Command.Infrastructure", "SocialMedia.Post\Command\Post.Command.Infrastructure\Post.Command.Infrastructure.csproj", "{5B037BD2-9D55-44DF-8116-56EBEF6F59F9}"
EndProject
Project("{FAE04EC0-301F-11D3-BF4B-00C04F79EFBC}") = "Post.Query.Domain", "SocialMedia.Post\Query\Post.Query.Domain\Post.Query.Domain.csproj", "{481C5CC4-5452-4F8E-89DF-7F0089699E7E}"
EndProject
Project("{FAE04EC0-301F-11D3-BF4B-00C04F79EFBC}") = "Post.Query.Infrastructure", "SocialMedia.Post\Query\Post.Query.Infrastructure\Post.Query.Infrastructure.csproj", "{E173F33B-21A5-4F46-8B7A-FDE50636AC63}"
EndProject
Project("{FAE04EC0-301F-11D3-BF4B-00C04F79EFBC}") = "Post.Query.Api", "SocialMedia.Post\Query\Post.Query.Api\Post.Query.Api.csproj", "{423EAC32-C1F1-4256-B80A-2AAFBC0E7B6B}"
EndProject
Global
	GlobalSection(SolutionConfigurationPlatforms) = preSolution
		Debug|Any CPU = Debug|Any CPU
		Release|Any CPU = Release|Any CPU
	EndGlobalSection
	GlobalSection(ProjectConfigurationPlatforms) = postSolution
		{8517F0F5-4D56-49A7-88D8-A70126A7481B}.Debug|Any CPU.ActiveCfg = Debug|Any CPU
		{8517F0F5-4D56-49A7-88D8-A70126A7481B}.Debug|Any CPU.Build.0 = Debug|Any CPU
		{8517F0F5-4D56-49A7-88D8-A70126A7481B}.Release|Any CPU.ActiveCfg = Release|Any CPU
		{8517F0F5-4D56-49A7-88D8-A70126A7481B}.Release|Any CPU.Build.0 = Release|Any CPU
		{D5385886-6AE9-494D-8F15-AB8202586F99}.Debug|Any CPU.ActiveCfg = Debug|Any CPU
		{D5385886-6AE9-494D-8F15-AB8202586F99}.Debug|Any CPU.Build.0 = Debug|Any CPU
		{D5385886-6AE9-494D-8F15-AB8202586F99}.Release|Any CPU.ActiveCfg = Release|Any CPU
		{D5385886-6AE9-494D-8F15-AB8202586F99}.Release|Any CPU.Build.0 = Release|Any CPU
		{03E32F5D-2700-4D97-B766-BB482EFE396A}.Debug|Any CPU.ActiveCfg = Debug|Any CPU
		{03E32F5D-2700-4D97-B766-BB482EFE396A}.Debug|Any CPU.Build.0 = Debug|Any CPU
		{03E32F5D-2700-4D97-B766-BB482EFE396A}.Release|Any CPU.ActiveCfg = Release|Any CPU
		{03E32F5D-2700-4D97-B766-BB482EFE396A}.Release|Any CPU.Build.0 = Release|Any CPU
		{5B037BD2-9D55-44DF-8116-56EBEF6F59F9}.Debug|Any CPU.ActiveCfg = Debug|Any CPU
		{5B037BD2-9D55-44DF-8116-56EBEF6F59F9}.Debug|Any CPU.Build.0 = Debug|Any CPU
		{5B037BD2-9D55-44DF-8116-56EBEF6F59F9}.Release|Any CPU.ActiveCfg = Release|Any CPU
		{5B037BD2-9D55-44DF-8116-56EBEF6F59F9}.Release|Any CPU.Build.0 = Release|Any CPU
		{481C5CC4-5452-4F8E-89DF-7F0089699E7E}.Debug|Any CPU.ActiveCfg = Debug|Any CPU
		{481C5CC4-5452-4F8E-89DF-7F0089699E7E}.Debug|Any CPU.Build.0 = Debug|Any CPU
		{481C5CC4-5452-4F8E-89DF-7F0089699E7E}.Release|Any CPU.ActiveCfg = Release|Any CPU
		{481C5CC4-5452-4F8E-89DF-7F0089699E7E}.Release|Any CPU.Build.0 = Release|Any CPU
		{E173F33B-21A5-4F46-8B7A-FDE50636AC63}.Debug|Any CPU.ActiveCfg = Debug|Any CPU
		{E173F33B-21A5-4F46-8B7A-FDE50636AC63}.Debug|Any CPU.Build.0 = Debug|Any CPU
		{E173F33B-21A5-4F46-8B7A-FDE50636AC63}.Release|Any CPU.ActiveCfg = Release|Any CPU
		{E173F33B-21A5-4F46-8B7A-FDE50636AC63}.Release|Any CPU.Build.0 = Release|Any CPU
		{423EAC32-C1F1-4256-B80A-2AAFBC0E7B6B}.Debug|Any CPU.ActiveCfg = Debug|Any CPU
		{423EAC32-C1F1-4256-B80A-2AAFBC0E7B6B}.Debug|Any CPU.Build.0 = Debug|Any CPU
		{423EAC32-C1F1-4256-B80A-2AAFBC0E7B6B}.Release|Any CPU.ActiveCfg = Release|Any CPU
		{423EAC32-C1F1-4256-B80A-2AAFBC0E7B6B}.Release|Any CPU.Build.0 = Release|Any CPU
	EndGlobalSection
	GlobalSection(NestedProjects) = preSolution
		{D3B1F7AD-1525-4C40-B8C7-95048A528089} = {120A811D-4BB7-4365-A38C-7B97C290B864}
		{5B9747B4-4E13-4227-B03A-5D9C54806A60} = {120A811D-4BB7-4365-A38C-7B97C290B864}
		{696E3539-EA76-4A87-9E5F-C6B3F1948813} = {120A811D-4BB7-4365-A38C-7B97C290B864}
		{D5385886-6AE9-494D-8F15-AB8202586F99} = {D3B1F7AD-1525-4C40-B8C7-95048A528089}
		{03E32F5D-2700-4D97-B766-BB482EFE396A} = {D3B1F7AD-1525-4C40-B8C7-95048A528089}
		{5B037BD2-9D55-44DF-8116-56EBEF6F59F9} = {D3B1F7AD-1525-4C40-B8C7-95048A528089}
		{481C5CC4-5452-4F8E-89DF-7F0089699E7E} = {5B9747B4-4E13-4227-B03A-5D9C54806A60}
		{E173F33B-21A5-4F46-8B7A-FDE50636AC63} = {5B9747B4-4E13-4227-B03A-5D9C54806A60}
		{423EAC32-C1F1-4256-B80A-2AAFBC0E7B6B} = {5B9747B4-4E13-4227-B03A-5D9C54806A60}
	EndGlobalSection
EndGlobal
